PODS:
  - Flutter (1.0.0)
  - pdfview (0.0.1):
    - Flutter

DEPENDENCIES:
  - Flutter (from `.symlinks/flutter/ios`)
  - pdfview (from `.symlinks/plugins/pdfview/ios`)

EXTERNAL SOURCES:
  Flutter:
    :path: ".symlinks/flutter/ios"
  pdfview:
    :path: ".symlinks/plugins/pdfview/ios"

SPEC CHECKSUMS:
  Flutter: d4fe99be4e49865fb3eabcc3f0b618a3112833ab
  pdfview: 4298d92b7c58ecf74bfc568ec8b93e9bb8c542c6

PODFILE CHECKSUM: 8f205ba22e2edee5e15d05dea2a3d513bc17e539

COCOAPODS: 1.5.3
